
Microsoft Visual Studio Solution File, Format Version 12.00
# Visual Studio Version 17
VisualStudioVersion = 17.6.33723.286
MinimumVisualStudioVersion = 10.0.40219.1
Project("{9A19103F-16F7-4668-BE54-9A1E7A4F7556}") = "LabAPI", "CompanyEmployees\LabAPI.csproj", "{2A3EE144-E0F6-4110-8C47-EEA816463A80}"
EndProject
Project("{FAE04EC0-301F-11D3-BF4B-00C04F79EFBC}") = "Contracts", "Contracts\Contracts.csproj", "{B150B807-B998-4AAD-9881-01EDAD53BAE1}"
EndProject
Project("{FAE04EC0-301F-11D3-BF4B-00C04F79EFBC}") = "LoggerService", "LoggerService\LoggerService.csproj", "{B311A0EC-6021-484F-9554-1D2FBF1C348A}"
EndProject
Project("{FAE04EC0-301F-11D3-BF4B-00C04F79EFBC}") = "Service", "Service\Service.csproj", "{3FB705F1-87F9-421D-9900-A0BB662C1AC6}"
EndProject
Project("{FAE04EC0-301F-11D3-BF4B-00C04F79EFBC}") = "Service.Contracts", "Service.Contracts\Service.Contracts.csproj", "{A8F2AD74-4ACA-4B31-B951-60C34802DBDF}"
EndProject
Project("{FAE04EC0-301F-11D3-BF4B-00C04F79EFBC}") = "CompanyEmployees.Presentation", "CompanyEmployees.Presentation\CompanyEmployees.Presentation.csproj", "{B6CAB5EB-629C-4BB2-AE3C-01ADF1E94C61}"
EndProject
Project("{FAE04EC0-301F-11D3-BF4B-00C04F79EFBC}") = "Entities", "Entities\Entities.csproj", "{ECDA82E0-C637-406D-A4A3-7E112084B1A9}"
EndProject
Project("{FAE04EC0-301F-11D3-BF4B-00C04F79EFBC}") = "Repository", "Repository\Repository.csproj", "{6F9F6865-4644-463E-B4C0-5A7DE43CE23D}"
EndProject
Project("{FAE04EC0-301F-11D3-BF4B-00C04F79EFBC}") = "Shared", "Shared\Shared.csproj", "{707C24A1-A429-49D9-8B2F-0805C8ED927D}"
EndProject
Global
	GlobalSection(SolutionConfigurationPlatforms) = preSolution
		Debug|Any CPU = Debug|Any CPU
		Release|Any CPU = Release|Any CPU
	EndGlobalSection
	GlobalSection(ProjectConfigurationPlatforms) = postSolution
		{2A3EE144-E0F6-4110-8C47-EEA816463A80}.Debug|Any CPU.ActiveCfg = Debug|Any CPU
		{2A3EE144-E0F6-4110-8C47-EEA816463A80}.Debug|Any CPU.Build.0 = Debug|Any CPU
		{2A3EE144-E0F6-4110-8C47-EEA816463A80}.Release|Any CPU.ActiveCfg = Release|Any CPU
		{2A3EE144-E0F6-4110-8C47-EEA816463A80}.Release|Any CPU.Build.0 = Release|Any CPU
		{B150B807-B998-4AAD-9881-01EDAD53BAE1}.Debug|Any CPU.ActiveCfg = Debug|Any CPU
		{B150B807-B998-4AAD-9881-01EDAD53BAE1}.Debug|Any CPU.Build.0 = Debug|Any CPU
		{B150B807-B998-4AAD-9881-01EDAD53BAE1}.Release|Any CPU.ActiveCfg = Release|Any CPU
		{B150B807-B998-4AAD-9881-01EDAD53BAE1}.Release|Any CPU.Build.0 = Release|Any CPU
		{B311A0EC-6021-484F-9554-1D2FBF1C348A}.Debug|Any CPU.ActiveCfg = Debug|Any CPU
		{B311A0EC-6021-484F-9554-1D2FBF1C348A}.Debug|Any CPU.Build.0 = Debug|Any CPU
		{B311A0EC-6021-484F-9554-1D2FBF1C348A}.Release|Any CPU.ActiveCfg = Release|Any CPU
		{B311A0EC-6021-484F-9554-1D2FBF1C348A}.Release|Any CPU.Build.0 = Release|Any CPU
		{3FB705F1-87F9-421D-9900-A0BB662C1AC6}.Debug|Any CPU.ActiveCfg = Debug|Any CPU
		{3FB705F1-87F9-421D-9900-A0BB662C1AC6}.Debug|Any CPU.Build.0 = Debug|Any CPU
		{3FB705F1-87F9-421D-9900-A0BB662C1AC6}.Release|Any CPU.ActiveCfg = Release|Any CPU
		{3FB705F1-87F9-421D-9900-A0BB662C1AC6}.Release|Any CPU.Build.0 = Release|Any CPU
		{A8F2AD74-4ACA-4B31-B951-60C34802DBDF}.Debug|Any CPU.ActiveCfg = Debug|Any CPU
		{A8F2AD74-4ACA-4B31-B951-60C34802DBDF}.Debug|Any CPU.Build.0 = Debug|Any CPU
		{A8F2AD74-4ACA-4B31-B951-60C34802DBDF}.Release|Any CPU.ActiveCfg = Release|Any CPU
		{A8F2AD74-4ACA-4B31-B951-60C34802DBDF}.Release|Any CPU.Build.0 = Release|Any CPU
		{B6CAB5EB-629C-4BB2-AE3C-01ADF1E94C61}.Debug|Any CPU.ActiveCfg = Debug|Any CPU
		{B6CAB5EB-629C-4BB2-AE3C-01ADF1E94C61}.Debug|Any CPU.Build.0 = Debug|Any CPU
		{B6CAB5EB-629C-4BB2-AE3C-01ADF1E94C61}.Release|Any CPU.ActiveCfg = Release|Any CPU
		{B6CAB5EB-629C-4BB2-AE3C-01ADF1E94C61}.Release|Any CPU.Build.0 = Release|Any CPU
		{ECDA82E0-C637-406D-A4A3-7E112084B1A9}.Debug|Any CPU.ActiveCfg = Debug|Any CPU
		{ECDA82E0-C637-406D-A4A3-7E112084B1A9}.Debug|Any CPU.Build.0 = Debug|Any CPU
		{ECDA82E0-C637-406D-A4A3-7E112084B1A9}.Release|Any CPU.ActiveCfg = Release|Any CPU
		{ECDA82E0-C637-406D-A4A3-7E112084B1A9}.Release|Any CPU.Build.0 = Release|Any CPU
		{6F9F6865-4644-463E-B4C0-5A7DE43CE23D}.Debug|Any CPU.ActiveCfg = Debug|Any CPU
		{6F9F6865-4644-463E-B4C0-5A7DE43CE23D}.Debug|Any CPU.Build.0 = Debug|Any CPU
		{6F9F6865-4644-463E-B4C0-5A7DE43CE23D}.Release|Any CPU.ActiveCfg = Release|Any CPU
		{6F9F6865-4644-463E-B4C0-5A7DE43CE23D}.Release|Any CPU.Build.0 = Release|Any CPU
		{707C24A1-A429-49D9-8B2F-0805C8ED927D}.Debug|Any CPU.ActiveCfg = Debug|Any CPU
		{707C24A1-A429-49D9-8B2F-0805C8ED927D}.Debug|Any CPU.Build.0 = Debug|Any CPU
		{707C24A1-A429-49D9-8B2F-0805C8ED927D}.Release|Any CPU.ActiveCfg = Release|Any CPU
		{707C24A1-A429-49D9-8B2F-0805C8ED927D}.Release|Any CPU.Build.0 = Release|Any CPU
	EndGlobalSection
	GlobalSection(SolutionProperties) = preSolution
		HideSolutionNode = FALSE
	EndGlobalSection
	GlobalSection(ExtensibilityGlobals) = postSolution
		SolutionGuid = {836182F4-1A23-4B1B-9D7D-1904C5DD03AE}
	EndGlobalSection
EndGlobal
